lockfileVersion: '6.0'

settings:
  autoInstallPeers: true
  excludeLinksFromLockfile: false

importers:

  .:
    dependencies:
      commander:
        specifier: ^12.0.0
        version: 12.0.0
    devDependencies:
      '@types/node':
        specifier: ^16.0.0
        version: 16.18.83
      typescript:
        specifier: ^5.3.3
        version: 5.3.3

  example/typescript:
    dependencies:
      '@seen-kit/seen':
        specifier: workspace:^
        version: link:../..

packages:

  /@types/node@16.18.83:
    resolution: {integrity: sha512-TmBqzDY/GeCEmLob/31SunOQnqYE3ZiiuEh1U9o3HqE1E2cqKZQA5RQg4krEguCY3StnkXyDmCny75qyFLx/rA==}
    dev: true

  /commander@12.0.0:
    resolution: {integrity: sha512-MwVNWlYjDTtOjX5PiD7o5pK0UrFU/OYgcJfjjK4RaHZETNtjJqrZa9Y9ds88+A+f+d5lv+561eZ+yCKoS3gbAA==}
    engines: {node: '>=18'}
    dev: false

  /typescript@5.3.3:
    resolution: {integrity: sha512-pXWcraxM0uxAS+tN0AG/BF2TyqmHO014Z070UsJ+pFvYuRSq8KH8DmWpnbXe0pEPDHXZV3FcAbJkijJ5oNEnWw==}
    engines: {node: '>=14.17'}
    hasBin: true
    dev: true
